
Microsoft Visual Studio Solution File, Format Version 12.00
# Visual Studio 14
VisualStudioVersion = 14.0.23107.0
MinimumVisualStudioVersion = 10.0.40219.1
Project("{2150E333-8FDC-42A3-9474-1A3956D46DE8}") = "kcvex", "kcvex", "{6DB0825E-69E6-4365-923E-15104B09BC46}"
EndProject
Project("{FAE04EC0-301F-11D3-BF4B-00C04F79EFBC}") = "KcvExtension.Test", "KcvExtension.Test\KcvExtension.Test.csproj", "{7D8086EC-D252-4A01-AD67-84F22CB959C2}"
EndProject
Project("{FAE04EC0-301F-11D3-BF4B-00C04F79EFBC}") = "KcvExtension.Core", "KcvExtension.Core\KcvExtension.Core.csproj", "{29AE30D9-E5F0-4C58-99CB-EC4F3719DDB9}"
EndProject
Project("{2150E333-8FDC-42A3-9474-1A3956D46DE8}") = "test", "test", "{84DF142F-7582-462A-9A65-9736FD793C07}"
EndProject
Project("{FAE04EC0-301F-11D3-BF4B-00C04F79EFBC}") = "Plugins.Test", "Plugins.Test\Plugins.Test.csproj", "{E217334F-E575-4838-AC7E-F9C6E7257C5C}"
EndProject
Project("{FAE04EC0-301F-11D3-BF4B-00C04F79EFBC}") = "KcvExtension.Settings", "KcvExtension.Settings\KcvExtension.Settings.csproj", "{17F006A5-E879-4747-8C0F-33EB1671303D}"
EndProject
Project("{FAE04EC0-301F-11D3-BF4B-00C04F79EFBC}") = "KcvExtension.Logger", "KcvExtension.Logger\KcvExtension.Logger.csproj", "{2BC3BD33-C3CD-4127-B8E9-397C31338B8E}"
EndProject
Project("{FAE04EC0-301F-11D3-BF4B-00C04F79EFBC}") = "KcvExtension.Keys", "KcvExtension.Keys\KcvExtension.Keys.csproj", "{8E022EE4-D9C8-4697-9803-9947967C2F08}"
EndProject
Global
	GlobalSection(SolutionConfigurationPlatforms) = preSolution
		Debug|Any CPU = Debug|Any CPU
		Release|Any CPU = Release|Any CPU
	EndGlobalSection
	GlobalSection(ProjectConfigurationPlatforms) = postSolution
		{7D8086EC-D252-4A01-AD67-84F22CB959C2}.Debug|Any CPU.ActiveCfg = Debug|Any CPU
		{7D8086EC-D252-4A01-AD67-84F22CB959C2}.Debug|Any CPU.Build.0 = Debug|Any CPU
		{7D8086EC-D252-4A01-AD67-84F22CB959C2}.Release|Any CPU.ActiveCfg = Release|Any CPU
		{7D8086EC-D252-4A01-AD67-84F22CB959C2}.Release|Any CPU.Build.0 = Release|Any CPU
		{29AE30D9-E5F0-4C58-99CB-EC4F3719DDB9}.Debug|Any CPU.ActiveCfg = Debug|Any CPU
		{29AE30D9-E5F0-4C58-99CB-EC4F3719DDB9}.Debug|Any CPU.Build.0 = Debug|Any CPU
		{29AE30D9-E5F0-4C58-99CB-EC4F3719DDB9}.Release|Any CPU.ActiveCfg = Release|Any CPU
		{29AE30D9-E5F0-4C58-99CB-EC4F3719DDB9}.Release|Any CPU.Build.0 = Release|Any CPU
		{E217334F-E575-4838-AC7E-F9C6E7257C5C}.Debug|Any CPU.ActiveCfg = Debug|Any CPU
		{E217334F-E575-4838-AC7E-F9C6E7257C5C}.Debug|Any CPU.Build.0 = Debug|Any CPU
		{E217334F-E575-4838-AC7E-F9C6E7257C5C}.Release|Any CPU.ActiveCfg = Release|Any CPU
		{E217334F-E575-4838-AC7E-F9C6E7257C5C}.Release|Any CPU.Build.0 = Release|Any CPU
		{17F006A5-E879-4747-8C0F-33EB1671303D}.Debug|Any CPU.ActiveCfg = Debug|Any CPU
		{17F006A5-E879-4747-8C0F-33EB1671303D}.Debug|Any CPU.Build.0 = Debug|Any CPU
		{17F006A5-E879-4747-8C0F-33EB1671303D}.Release|Any CPU.ActiveCfg = Release|Any CPU
		{17F006A5-E879-4747-8C0F-33EB1671303D}.Release|Any CPU.Build.0 = Release|Any CPU
		{2BC3BD33-C3CD-4127-B8E9-397C31338B8E}.Debug|Any CPU.ActiveCfg = Debug|Any CPU
		{2BC3BD33-C3CD-4127-B8E9-397C31338B8E}.Debug|Any CPU.Build.0 = Debug|Any CPU
		{2BC3BD33-C3CD-4127-B8E9-397C31338B8E}.Release|Any CPU.ActiveCfg = Release|Any CPU
		{2BC3BD33-C3CD-4127-B8E9-397C31338B8E}.Release|Any CPU.Build.0 = Release|Any CPU
		{8E022EE4-D9C8-4697-9803-9947967C2F08}.Debug|Any CPU.ActiveCfg = Debug|Any CPU
		{8E022EE4-D9C8-4697-9803-9947967C2F08}.Debug|Any CPU.Build.0 = Debug|Any CPU
		{8E022EE4-D9C8-4697-9803-9947967C2F08}.Release|Any CPU.ActiveCfg = Release|Any CPU
		{8E022EE4-D9C8-4697-9803-9947967C2F08}.Release|Any CPU.Build.0 = Release|Any CPU
	EndGlobalSection
	GlobalSection(SolutionProperties) = preSolution
		HideSolutionNode = FALSE
	EndGlobalSection
	GlobalSection(NestedProjects) = preSolution
		{7D8086EC-D252-4A01-AD67-84F22CB959C2} = {84DF142F-7582-462A-9A65-9736FD793C07}
		{29AE30D9-E5F0-4C58-99CB-EC4F3719DDB9} = {6DB0825E-69E6-4365-923E-15104B09BC46}
		{E217334F-E575-4838-AC7E-F9C6E7257C5C} = {84DF142F-7582-462A-9A65-9736FD793C07}
		{17F006A5-E879-4747-8C0F-33EB1671303D} = {6DB0825E-69E6-4365-923E-15104B09BC46}
		{2BC3BD33-C3CD-4127-B8E9-397C31338B8E} = {6DB0825E-69E6-4365-923E-15104B09BC46}
		{8E022EE4-D9C8-4697-9803-9947967C2F08} = {6DB0825E-69E6-4365-923E-15104B09BC46}
	EndGlobalSection
EndGlobal
